PODS:
  - Alamofire (5.9.1)
  - Flutter (1.0.0)
  - flutter_inappwebview_ios (0.0.1):
    - Flutter
    - flutter_inappwebview_ios/Core (= 0.0.1)
    - OrderedSet (~> 6.0.3)
  - flutter_inappwebview_ios/Core (0.0.1):
    - Flutter
    - OrderedSet (~> 6.0.3)
  - fluttertoast (0.0.2):
    - Flutter
    - Toast
  - Moya (15.0.0):
    - Moya/Core (= 15.0.0)
  - Moya/Core (15.0.0):
    - Alamofire (~> 5.0)
  - OrderedSet (6.0.3)
  - permission_handler_apple (9.3.0):
    - Flutter
  - tamara_flutter_sdk (1.0.0):
    - Flutter
    - Moya
  - Toast (4.1.1)
  - webview_flutter_wkwebview (0.0.1):
    - Flutter
    - FlutterMacOS

DEPENDENCIES:
  - Flutter (from `Flutter`)
  - flutter_inappwebview_ios (from `.symlinks/plugins/flutter_inappwebview_ios/ios`)
  - fluttertoast (from `.symlinks/plugins/fluttertoast/ios`)
  - permission_handler_apple (from `.symlinks/plugins/permission_handler_apple/ios`)
  - tamara_flutter_sdk (from `.symlinks/plugins/tamara_flutter_sdk/ios`)
  - webview_flutter_wkwebview (from `.symlinks/plugins/webview_flutter_wkwebview/darwin`)

SPEC REPOS:
  trunk:
    - Alamofire
    - Moya
    - OrderedSet
    - Toast

EXTERNAL SOURCES:
  Flutter:
    :path: Flutter
  flutter_inappwebview_ios:
    :path: ".symlinks/plugins/flutter_inappwebview_ios/ios"
  fluttertoast:
    :path: ".symlinks/plugins/fluttertoast/ios"
  permission_handler_apple:
    :path: ".symlinks/plugins/permission_handler_apple/ios"
  tamara_flutter_sdk:
    :path: ".symlinks/plugins/tamara_flutter_sdk/ios"
  webview_flutter_wkwebview:
    :path: ".symlinks/plugins/webview_flutter_wkwebview/darwin"

SPEC CHECKSUMS:
  Alamofire: f36a35757af4587d8e4f4bfa223ad10be2422b8c
  Flutter: e0871f40cf51350855a761d2e70bf5af5b9b5de7
  flutter_inappwebview_ios: 6f63631e2c62a7c350263b13fa5427aedefe81d4
  fluttertoast: e9a18c7be5413da53898f660530c56f35edfba9c
  Moya: 138f0573e53411fb3dc17016add0b748dfbd78ee
  OrderedSet: e539b66b644ff081c73a262d24ad552a69be3a94
  permission_handler_apple: 9878588469a2b0d0fc1e048d9f43605f92e6cec2
  tamara_flutter_sdk: 91a8bd01952fc54168b9a2086d72a8f8b225d74a
  Toast: 1f5ea13423a1e6674c4abdac5be53587ae481c4e
  webview_flutter_wkwebview: 0982481e3d9c78fd5c6f62a002fcd24fc791f1e4

PODFILE CHECKSUM: 48a1ebbb670b946d36a93329fa7b5ff2707d48ec

COCOAPODS: 1.16.2
